
Microsoft Visual Studio Solution File, Format Version 12.00
# Visual Studio Version 17
VisualStudioVersion = 17.3.32922.545
MinimumVisualStudioVersion = 10.0.40219.1
Project("{9A19103F-16F7-4668-BE54-9A1E7A4F7556}") = "SettingsLib", "SettingsLib\SettingsLib.csproj", "{77D22015-22F1-4EA3-B221-2A95FDE01CA0}"
EndProject
Project("{FAE04EC0-301F-11D3-BF4B-00C04F79EFBC}") = "TEST_SettingsLib", "TEST_SettingsLib\TEST_SettingsLib.csproj", "{074BA604-655A-4FBD-A465-BA3607416351}"
EndProject
Project("{2150E333-8FDC-42A3-9474-1A3956D46DE8}") = "Doc", "Doc", "{CC19C692-66D2-4346-8614-AD5B1EF35340}"
	ProjectSection(SolutionItems) = preProject
		LICENSE = LICENSE
		README.md = README.md
		ReadMe.txt = ReadMe.txt
	EndProjectSection
EndProject
Global
	GlobalSection(SolutionConfigurationPlatforms) = preSolution
		Debug|Any CPU = Debug|Any CPU
		Release|Any CPU = Release|Any CPU
	EndGlobalSection
	GlobalSection(ProjectConfigurationPlatforms) = postSolution
		{77D22015-22F1-4EA3-B221-2A95FDE01CA0}.Debug|Any CPU.ActiveCfg = Debug|Any CPU
		{77D22015-22F1-4EA3-B221-2A95FDE01CA0}.Debug|Any CPU.Build.0 = Debug|Any CPU
		{77D22015-22F1-4EA3-B221-2A95FDE01CA0}.Release|Any CPU.ActiveCfg = Release|Any CPU
		{77D22015-22F1-4EA3-B221-2A95FDE01CA0}.Release|Any CPU.Build.0 = Release|Any CPU
		{074BA604-655A-4FBD-A465-BA3607416351}.Debug|Any CPU.ActiveCfg = Debug|Any CPU
		{074BA604-655A-4FBD-A465-BA3607416351}.Debug|Any CPU.Build.0 = Debug|Any CPU
		{074BA604-655A-4FBD-A465-BA3607416351}.Release|Any CPU.ActiveCfg = Release|Any CPU
		{074BA604-655A-4FBD-A465-BA3607416351}.Release|Any CPU.Build.0 = Release|Any CPU
	EndGlobalSection
	GlobalSection(SolutionProperties) = preSolution
		HideSolutionNode = FALSE
	EndGlobalSection
	GlobalSection(ExtensibilityGlobals) = postSolution
		SolutionGuid = {4B8950EF-7261-48DA-BD11-B221EE3ED368}
	EndGlobalSection
EndGlobal
